// !$*UTF8*$!
{
	archiveVersion = 1;
	classes = {
	};
	objectVersion = 77;
	objects = {

/* Begin PBXBuildFile section */
		543FC9D26D02662915D0CADA /* Pods_LolitaArchive.framework in Frameworks */ = {isa = PBXBuildFile; fileRef = B945933DF6F2950768F1C222 /* Pods_LolitaArchive.framework */; };
/* End PBXBuildFile section */

/* Begin PBXContainerItemProxy section */
		BFE030A22D48AABD00859A0E /* PBXContainerItemProxy */ = {
			isa = PBXContainerItemProxy;
			containerPortal = BFE030892D48AABC00859A0E /* Project object */;
			proxyType = 1;
			remoteGlobalIDString = BFE030902D48AABC00859A0E;
			remoteInfo = LolitaArchive;
		};
		BFE030AC2D48AABD00859A0E /* PBXContainerItemProxy */ = {
			isa = PBXContainerItemProxy;
			containerPortal = BFE030892D48AABC00859A0E /* Project object */;
			proxyType = 1;
			remoteGlobalIDString = BFE030902D48AABC00859A0E;
			remoteInfo = LolitaArchive;
		};
/* End PBXContainerItemProxy section */

/* Begin PBXFileReference section */
		7DDA6807408BF4A8D1AC8D2F /* Pods-LolitaArchive.debug.xcconfig */ = {isa = PBXFileReference; includeInIndex = 1; lastKnownFileType = text.xcconfig; name = "Pods-LolitaArchive.debug.xcconfig"; path = "Target Support Files/Pods-LolitaArchive/Pods-LolitaArchive.debug.xcconfig"; sourceTree = "<group>"; };
		B945933DF6F2950768F1C222 /* Pods_LolitaArchive.framework */ = {isa = PBXFileReference; explicitFileType = wrapper.framework; includeInIndex = 0; path = Pods_LolitaArchive.framework; sourceTree = BUILT_PRODUCTS_DIR; };
		BFE030912D48AABC00859A0E /* LolitaArchive.app */ = {isa = PBXFileReference; explicitFileType = wrapper.application; includeInIndex = 0; path = LolitaArchive.app; sourceTree = BUILT_PRODUCTS_DIR; };
		BFE030A12D48AABD00859A0E /* LolitaArchiveTests.xctest */ = {isa = PBXFileReference; explicitFileType = wrapper.cfbundle; includeInIndex = 0; path = LolitaArchiveTests.xctest; sourceTree = BUILT_PRODUCTS_DIR; };
		BFE030AB2D48AABD00859A0E /* LolitaArchiveUITests.xctest */ = {isa = PBXFileReference; explicitFileType = wrapper.cfbundle; includeInIndex = 0; path = LolitaArchiveUITests.xctest; sourceTree = BUILT_PRODUCTS_DIR; };
		CB872D18D5D924196F499F53 /* Pods-LolitaArchive.release.xcconfig */ = {isa = PBXFileReference; includeInIndex = 1; lastKnownFileType = text.xcconfig; name = "Pods-LolitaArchive.release.xcconfig"; path = "Target Support Files/Pods-LolitaArchive/Pods-LolitaArchive.release.xcconfig"; sourceTree = "<group>"; };
/* End PBXFileReference section */

/* Begin PBXFileSystemSynchronizedBuildFileExceptionSet section */
		BFE031ED2D4CD2BB00859A0E /* Exceptions for "LolitaArchive" folder in "LolitaArchive" target */ = {
			isa = PBXFileSystemSynchronizedBuildFileExceptionSet;
			membershipExceptions = (
				Info.plist,
			);
			target = BFE030902D48AABC00859A0E /* LolitaArchive */;
		};
/* End PBXFileSystemSynchronizedBuildFileExceptionSet section */

/* Begin PBXFileSystemSynchronizedRootGroup section */
		BFE030932D48AABC00859A0E /* LolitaArchive */ = {
			isa = PBXFileSystemSynchronizedRootGroup;
			exceptions = (
				BFE031ED2D4CD2BB00859A0E /* Exceptions for "LolitaArchive" folder in "LolitaArchive" target */,
			);
			path = LolitaArchive;
			sourceTree = "<group>";
		};
		BFE030A42D48AABD00859A0E /* LolitaArchiveTests */ = {
			isa = PBXFileSystemSynchronizedRootGroup;
			path = LolitaArchiveTests;
			sourceTree = "<group>";
		};
		BFE030AE2D48AABD00859A0E /* LolitaArchiveUITests */ = {
			isa = PBXFileSystemSynchronizedRootGroup;
			path = LolitaArchiveUITests;
			sourceTree = "<group>";
		};
/* End PBXFileSystemSynchronizedRootGroup section */

/* Begin PBXFrameworksBuildPhase section */
		BFE0308E2D48AABC00859A0E /* Frameworks */ = {
			isa = PBXFrameworksBuildPhase;
			buildActionMask = 2147483647;
			files = (
				543FC9D26D02662915D0CADA /* Pods_LolitaArchive.framework in Frameworks */,
			);
			runOnlyForDeploymentPostprocessing = 0;
		};
		BFE0309E2D48AABD00859A0E /* Frameworks */ = {
			isa = PBXFrameworksBuildPhase;
			buildActionMask = 2147483647;
			files = (
			);
			runOnlyForDeploymentPostprocessing = 0;
		};
		BFE030A82D48AABD00859A0E /* Frameworks */ = {
			isa = PBXFrameworksBuildPhase;
			buildActionMask = 2147483647;
			files = (
			);
			runOnlyForDeploymentPostprocessing = 0;
		};
/* End PBXFrameworksBuildPhase section */

/* Begin PBXGroup section */
		776908B0DE44CE92D666B71F /* Frameworks */ = {
			isa = PBXGroup;
			children = (
				B945933DF6F2950768F1C222 /* Pods_LolitaArchive.framework */,
			);
			name = Frameworks;
			sourceTree = "<group>";
		};
		80708C01F98FE6F09ACFE629 /* Pods */ = {
			isa = PBXGroup;
			children = (
				7DDA6807408BF4A8D1AC8D2F /* Pods-LolitaArchive.debug.xcconfig */,
				CB872D18D5D924196F499F53 /* Pods-LolitaArchive.release.xcconfig */,
			);
			path = Pods;
			sourceTree = "<group>";
		};
		BFE030882D48AABC00859A0E = {
			isa = PBXGroup;
			children = (
				BFE030932D48AABC00859A0E /* LolitaArchive */,
				BFE030A42D48AABD00859A0E /* LolitaArchiveTests */,
				BFE030AE2D48AABD00859A0E /* LolitaArchiveUITests */,
				BFE030922D48AABC00859A0E /* Products */,
				80708C01F98FE6F09ACFE629 /* Pods */,
				776908B0DE44CE92D666B71F /* Frameworks */,
			);
			sourceTree = "<group>";
		};
		BFE030922D48AABC00859A0E /* Products */ = {
			isa = PBXGroup;
			children = (
				BFE030912D48AABC00859A0E /* LolitaArchive.app */,
				BFE030A12D48AABD00859A0E /* LolitaArchiveTests.xctest */,
				BFE030AB2D48AABD00859A0E /* LolitaArchiveUITests.xctest */,
			);
			name = Products;
			sourceTree = "<group>";
		};
/* End PBXGroup section */

/* Begin PBXNativeTarget section */
		BFE030902D48AABC00859A0E /* LolitaArchive */ = {
			isa = PBXNativeTarget;
			buildConfigurationList = BFE030B52D48AABD00859A0E /* Build configuration list for PBXNativeTarget "LolitaArchive" */;
			buildPhases = (
				C85AEA9A8C04F7E0A6E61B70 /* [CP] Check Pods Manifest.lock */,
				BFE0308D2D48AABC00859A0E /* Sources */,
				BFE0308E2D48AABC00859A0E /* Frameworks */,
				BFE0308F2D48AABC00859A0E /* Resources */,
				7E2E47337FC287FC7C70EFFA /* [CP] Embed Pods Frameworks */,
			);
			buildRules = (
			);
			dependencies = (
			);
			fileSystemSynchronizedGroups = (
				BFE030932D48AABC00859A0E /* LolitaArchive */,
			);
			name = LolitaArchive;
			productName = LolitaArchive;
			productReference = BFE030912D48AABC00859A0E /* LolitaArchive.app */;
			productType = "com.apple.product-type.application";
		};
		BFE030A02D48AABD00859A0E /* LolitaArchiveTests */ = {
			isa = PBXNativeTarget;
			buildConfigurationList = BFE030B82D48AABD00859A0E /* Build configuration list for PBXNativeTarget "LolitaArchiveTests" */;
			buildPhases = (
				BFE0309D2D48AABD00859A0E /* Sources */,
				BFE0309E2D48AABD00859A0E /* Frameworks */,
				BFE0309F2D48AABD00859A0E /* Resources */,
			);
			buildRules = (
			);
			dependencies = (
				BFE030A32D48AABD00859A0E /* PBXTargetDependency */,
			);
			fileSystemSynchronizedGroups = (
				BFE030A42D48AABD00859A0E /* LolitaArchiveTests */,
			);
			name = LolitaArchiveTests;
			productName = LolitaArchiveTests;
			productReference = BFE030A12D48AABD00859A0E /* LolitaArchiveTests.xctest */;
			productType = "com.apple.product-type.bundle.unit-test";
		};
		BFE030AA2D48AABD00859A0E /* LolitaArchiveUITests */ = {
			isa = PBXNativeTarget;
			buildConfigurationList = BFE030BB2D48AABD00859A0E /* Build configuration list for PBXNativeTarget "LolitaArchiveUITests" */;
			buildPhases = (
				BFE030A72D48AABD00859A0E /* Sources */,
				BFE030A82D48AABD00859A0E /* Frameworks */,
				BFE030A92D48AABD00859A0E /* Resources */,
			);
			buildRules = (
			);
			dependencies = (
				BFE030AD2D48AABD00859A0E /* PBXTargetDependency */,
			);
			fileSystemSynchronizedGroups = (
				BFE030AE2D48AABD00859A0E /* LolitaArchiveUITests */,
			);
			name = LolitaArchiveUITests;
			productName = LolitaArchiveUITests;
			productReference = BFE030AB2D48AABD00859A0E /* LolitaArchiveUITests.xctest */;
			productType = "com.apple.product-type.bundle.ui-testing";
		};
/* End PBXNativeTarget section */

/* Begin PBXProject section */
		BFE030892D48AABC00859A0E /* Project object */ = {
			isa = PBXProject;
			attributes = {
				BuildIndependentTargetsInParallel = 1;
				LastSwiftUpdateCheck = 1620;
				LastUpgradeCheck = 1620;
				TargetAttributes = {
					BFE030902D48AABC00859A0E = {
						CreatedOnToolsVersion = 16.2;
					};
					BFE030A02D48AABD00859A0E = {
						CreatedOnToolsVersion = 16.2;
						TestTargetID = BFE030902D48AABC00859A0E;
					};
					BFE030AA2D48AABD00859A0E = {
						CreatedOnToolsVersion = 16.2;
						TestTargetID = BFE030902D48AABC00859A0E;
					};
				};
			};
			buildConfigurationList = BFE0308C2D48AABC00859A0E /* Build configuration list for PBXProject "LolitaArchive" */;
			developmentRegion = en;
			hasScannedForEncodings = 0;
			knownRegions = (
				en,
				Base,
			);
			mainGroup = BFE030882D48AABC00859A0E;
			minimizedProjectReferenceProxies = 1;
			packageReferences = (
			);
			preferredProjectObjectVersion = 77;
			productRefGroup = BFE030922D48AABC00859A0E /* Products */;
			projectDirPath = "";
			projectRoot = "";
			targets = (
				BFE030902D48AABC00859A0E /* LolitaArchive */,
				BFE030A02D48AABD00859A0E /* LolitaArchiveTests */,
				BFE030AA2D48AABD00859A0E /* LolitaArchiveUITests */,
			);
		};
/* End PBXProject section */

/* Begin PBXResourcesBuildPhase section */
		BFE0308F2D48AABC00859A0E /* Resources */ = {
			isa = PBXResourcesBuildPhase;
			buildActionMask = 2147483647;
			files = (
			);
			runOnlyForDeploymentPostprocessing = 0;
		};
		BFE0309F2D48AABD00859A0E /* Resources */ = {
			isa = PBXResourcesBuildPhase;
			buildActionMask = 2147483647;
			files = (
			);
			runOnlyForDeploymentPostprocessing = 0;
		};
		BFE030A92D48AABD00859A0E /* Resources */ = {
			isa = PBXResourcesBuildPhase;
			buildActionMask = 2147483647;
			files = (
			);
			runOnlyForDeploymentPostprocessing = 0;
		};
/* End PBXResourcesBuildPhase section */

/* Begin PBXShellScriptBuildPhase section */
		7E2E47337FC287FC7C70EFFA /* [CP] Embed Pods Frameworks */ = {
			isa = PBXShellScriptBuildPhase;
			buildActionMask = 2147483647;
			files = (
			);
			inputFileListPaths = (
				"${PODS_ROOT}/Target Support Files/Pods-LolitaArchive/Pods-LolitaArchive-frameworks-${CONFIGURATION}-input-files.xcfilelist",
			);
			name = "[CP] Embed Pods Frameworks";
			outputFileListPaths = (
				"${PODS_ROOT}/Target Support Files/Pods-LolitaArchive/Pods-LolitaArchive-frameworks-${CONFIGURATION}-output-files.xcfilelist",
			);
			runOnlyForDeploymentPostprocessing = 0;
			shellPath = /bin/sh;
			shellScript = "\"${PODS_ROOT}/Target Support Files/Pods-LolitaArchive/Pods-LolitaArchive-frameworks.sh\"\n";
			showEnvVarsInLog = 0;
		};
		C85AEA9A8C04F7E0A6E61B70 /* [CP] Check Pods Manifest.lock */ = {
			isa = PBXShellScriptBuildPhase;
			buildActionMask = 2147483647;
			files = (
			);
			inputFileListPaths = (
			);
			inputPaths = (
				"${PODS_PODFILE_DIR_PATH}/Podfile.lock",
				"${PODS_ROOT}/Manifest.lock",
			);
			name = "[CP] Check Pods Manifest.lock";
			outputFileListPaths = (
			);
			outputPaths = (
				"$(DERIVED_FILE_DIR)/Pods-LolitaArchive-checkManifestLockResult.txt",
			);
			runOnlyForDeploymentPostprocessing = 0;
			shellPath = /bin/sh;
			shellScript = "diff \"${PODS_PODFILE_DIR_PATH}/Podfile.lock\" \"${PODS_ROOT}/Manifest.lock\" > /dev/null\nif [ $? != 0 ] ; then\n    # print error to STDERR\n    echo \"error: The sandbox is not in sync with the Podfile.lock. Run 'pod install' or update your CocoaPods installation.\" >&2\n    exit 1\nfi\n# This output is used by Xcode 'outputs' to avoid re-running this script phase.\necho \"SUCCESS\" > \"${SCRIPT_OUTPUT_FILE_0}\"\n";
			showEnvVarsInLog = 0;
		};
/* End PBXShellScriptBuildPhase section */

/* Begin PBXSourcesBuildPhase section */
		BFE0308D2D48AABC00859A0E /* Sources */ = {
			isa = PBXSourcesBuildPhase;
			buildActionMask = 2147483647;
			files = (
			);
			runOnlyForDeploymentPostprocessing = 0;
		};
		BFE0309D2D48AABD00859A0E /* Sources */ = {
			isa = PBXSourcesBuildPhase;
			buildActionMask = 2147483647;
			files = (
			);
			runOnlyForDeploymentPostprocessing = 0;
		};
		BFE030A72D48AABD00859A0E /* Sources */ = {
			isa = PBXSourcesBuildPhase;
			buildActionMask = 2147483647;
			files = (
			);
			runOnlyForDeploymentPostprocessing = 0;
		};
/* End PBXSourcesBuildPhase section */

/* Begin PBXTargetDependency section */
		BFE030A32D48AABD00859A0E /* PBXTargetDependency */ = {
			isa = PBXTargetDependency;
			target = BFE030902D48AABC00859A0E /* LolitaArchive */;
			targetProxy = BFE030A22D48AABD00859A0E /* PBXContainerItemProxy */;
		};
		BFE030AD2D48AABD00859A0E /* PBXTargetDependency */ = {
			isa = PBXTargetDependency;
			target = BFE030902D48AABC00859A0E /* LolitaArchive */;
			targetProxy = BFE030AC2D48AABD00859A0E /* PBXContainerItemProxy */;
		};
/* End PBXTargetDependency section */

/* Begin XCBuildConfiguration section */
		BFE030B32D48AABD00859A0E /* Debug */ = {
			isa = XCBuildConfiguration;
			buildSettings = {
				ALWAYS_SEARCH_USER_PATHS = NO;
				ASSETCATALOG_COMPILER_GENERATE_SWIFT_ASSET_SYMBOL_EXTENSIONS = YES;
				CLANG_ANALYZER_NONNULL = YES;
				CLANG_ANALYZER_NUMBER_OBJECT_CONVERSION = YES_AGGRESSIVE;
				CLANG_CXX_LANGUAGE_STANDARD = "gnu++20";
				CLANG_ENABLE_MODULES = YES;
				CLANG_ENABLE_OBJC_ARC = YES;
				CLANG_ENABLE_OBJC_WEAK = YES;
				CLANG_WARN_BLOCK_CAPTURE_AUTORELEASING = YES;
				CLANG_WARN_BOOL_CONVERSION = YES;
				CLANG_WARN_COMMA = YES;
				CLANG_WARN_CONSTANT_CONVERSION = YES;
				CLANG_WARN_DEPRECATED_OBJC_IMPLEMENTATIONS = YES;
				CLANG_WARN_DIRECT_OBJC_ISA_USAGE = YES_ERROR;
				CLANG_WARN_DOCUMENTATION_COMMENTS = YES;
				CLANG_WARN_EMPTY_BODY = YES;
				CLANG_WARN_ENUM_CONVERSION = YES;
				CLANG_WARN_INFINITE_RECURSION = YES;
				CLANG_WARN_INT_CONVERSION = YES;
				CLANG_WARN_NON_LITERAL_NULL_CONVERSION = YES;
				CLANG_WARN_OBJC_IMPLICIT_RETAIN_SELF = YES;
				CLANG_WARN_OBJC_LITERAL_CONVERSION = YES;
				CLANG_WARN_OBJC_ROOT_CLASS = YES_ERROR;
				CLANG_WARN_QUOTED_INCLUDE_IN_FRAMEWORK_HEADER = YES;
				CLANG_WARN_RANGE_LOOP_ANALYSIS = YES;
				CLANG_WARN_STRICT_PROTOTYPES = YES;
				CLANG_WARN_SUSPICIOUS_MOVE = YES;
				CLANG_WARN_UNGUARDED_AVAILABILITY = YES_AGGRESSIVE;
				CLANG_WARN_UNREACHABLE_CODE = YES;
				CLANG_WARN__DUPLICATE_METHOD_MATCH = YES;
				COPY_PHASE_STRIP = NO;
				DEBUG_INFORMATION_FORMAT = dwarf;
				ENABLE_STRICT_OBJC_MSGSEND = YES;
				ENABLE_TESTABILITY = YES;
				ENABLE_USER_SCRIPT_SANDBOXING = YES;
				GCC_C_LANGUAGE_STANDARD = gnu17;
				GCC_DYNAMIC_NO_PIC = NO;
				GCC_NO_COMMON_BLOCKS = YES;
				GCC_OPTIMIZATION_LEVEL = 0;
				GCC_PREPROCESSOR_DEFINITIONS = (
					"DEBUG=1",
					"$(inherited)",
				);
				GCC_WARN_64_TO_32_BIT_CONVERSION = YES;
				GCC_WARN_ABOUT_RETURN_TYPE = YES_ERROR;
				GCC_WARN_UNDECLARED_SELECTOR = YES;
				GCC_WARN_UNINITIALIZED_AUTOS = YES_AGGRESSIVE;
				GCC_WARN_UNUSED_FUNCTION = YES;
				GCC_WARN_UNUSED_VARIABLE = YES;
				IPHONEOS_DEPLOYMENT_TARGET = 18.2;
				LOCALIZATION_PREFERS_STRING_CATALOGS = YES;
				MTL_ENABLE_DEBUG_INFO = INCLUDE_SOURCE;
				MTL_FAST_MATH = YES;
				ONLY_ACTIVE_ARCH = YES;
				SDKROOT = iphoneos;
				SWIFT_ACTIVE_COMPILATION_CONDITIONS = "DEBUG $(inherited)";
				SWIFT_OPTIMIZATION_LEVEL = "-Onone";
			};
			name = Debug;
		};
		BFE030B42D48AABD00859A0E /* Release */ = {
			isa = XCBuildConfiguration;
			buildSettings = {
				ALWAYS_SEARCH_USER_PATHS = NO;
				ASSETCATALOG_COMPILER_GENERATE_SWIFT_ASSET_SYMBOL_EXTENSIONS = YES;
				CLANG_ANALYZER_NONNULL = YES;
				CLANG_ANALYZER_NUMBER_OBJECT_CONVERSION = YES_AGGRESSIVE;
				CLANG_CXX_LANGUAGE_STANDARD = "gnu++20";
				CLANG_ENABLE_MODULES = YES;
				CLANG_ENABLE_OBJC_ARC = YES;
				CLANG_ENABLE_OBJC_WEAK = YES;
				CLANG_WARN_BLOCK_CAPTURE_AUTORELEASING = YES;
				CLANG_WARN_BOOL_CONVERSION = YES;
				CLANG_WARN_COMMA = YES;
				CLANG_WARN_CONSTANT_CONVERSION = YES;
				CLANG_WARN_DEPRECATED_OBJC_IMPLEMENTATIONS = YES;
				CLANG_WARN_DIRECT_OBJC_ISA_USAGE = YES_ERROR;
				CLANG_WARN_DOCUMENTATION_COMMENTS = YES;
				CLANG_WARN_EMPTY_BODY = YES;
				CLANG_WARN_ENUM_CONVERSION = YES;
				CLANG_WARN_INFINITE_RECURSION = YES;
				CLANG_WARN_INT_CONVERSION = YES;
				CLANG_WARN_NON_LITERAL_NULL_CONVERSION = YES;
				CLANG_WARN_OBJC_IMPLICIT_RETAIN_SELF = YES;
				CLANG_WARN_OBJC_LITERAL_CONVERSION = YES;
				CLANG_WARN_OBJC_ROOT_CLASS = YES_ERROR;
				CLANG_WARN_QUOTED_INCLUDE_IN_FRAMEWORK_HEADER = YES;
				CLANG_WARN_RANGE_LOOP_ANALYSIS = YES;
				CLANG_WARN_STRICT_PROTOTYPES = YES;
				CLANG_WARN_SUSPICIOUS_MOVE = YES;
				CLANG_WARN_UNGUARDED_AVAILABILITY = YES_AGGRESSIVE;
				CLANG_WARN_UNREACHABLE_CODE = YES;
				CLANG_WARN__DUPLICATE_METHOD_MATCH = YES;
				COPY_PHASE_STRIP = NO;
				DEBUG_INFORMATION_FORMAT = "dwarf-with-dsym";
				ENABLE_NS_ASSERTIONS = NO;
				ENABLE_STRICT_OBJC_MSGSEND = YES;
				ENABLE_USER_SCRIPT_SANDBOXING = YES;
				GCC_C_LANGUAGE_STANDARD = gnu17;
				GCC_NO_COMMON_BLOCKS = YES;
				GCC_WARN_64_TO_32_BIT_CONVERSION = YES;
				GCC_WARN_ABOUT_RETURN_TYPE = YES_ERROR;
				GCC_WARN_UNDECLARED_SELECTOR = YES;
				GCC_WARN_UNINITIALIZED_AUTOS = YES_AGGRESSIVE;
				GCC_WARN_UNUSED_FUNCTION = YES;
				GCC_WARN_UNUSED_VARIABLE = YES;
				IPHONEOS_DEPLOYMENT_TARGET = 18.2;
				LOCALIZATION_PREFERS_STRING_CATALOGS = YES;
				MTL_ENABLE_DEBUG_INFO = NO;
				MTL_FAST_MATH = YES;
				SDKROOT = iphoneos;
				SWIFT_COMPILATION_MODE = wholemodule;
				VALIDATE_PRODUCT = YES;
			};
			name = Release;
		};
		BFE030B62D48AABD00859A0E /* Debug */ = {
			isa = XCBuildConfiguration;
			baseConfigurationReference = 7DDA6807408BF4A8D1AC8D2F /* Pods-LolitaArchive.debug.xcconfig */;
			buildSettings = {
				ASSETCATALOG_COMPILER_APPICON_NAME = AppIcon;
				ASSETCATALOG_COMPILER_GLOBAL_ACCENT_COLOR_NAME = AccentColor;
				CODE_SIGN_STYLE = Automatic;
				CURRENT_PROJECT_VERSION = 1;
				DEVELOPMENT_ASSET_PATHS = "\"LolitaArchive/Preview Content\"";
				ENABLE_PREVIEWS = YES;
				ENABLE_USER_SCRIPT_SANDBOXING = NO;
				GENERATE_INFOPLIST_FILE = YES;
				INFOPLIST_FILE = LolitaArchive/Info.plist;
				INFOPLIST_KEY_LSApplicationCategoryType = "public.app-category.utilities";
				INFOPLIST_KEY_NSCameraUsageDescription = "";
				INFOPLIST_KEY_NSPhotoLibraryUsageDescription = "$(PRODUCT_NAME) attempts to access your photo library";
				INFOPLIST_KEY_UIApplicationSceneManifest_Generation = YES;
				INFOPLIST_KEY_UIApplicationSupportsIndirectInputEvents = YES;
				INFOPLIST_KEY_UILaunchScreen_Generation = YES;
				INFOPLIST_KEY_UISupportedInterfaceOrientations_iPad = "UIInterfaceOrientationPortrait UIInterfaceOrientationPortraitUpsideDown UIInterfaceOrientationLandscapeLeft UIInterfaceOrientationLandscapeRight";
				INFOPLIST_KEY_UISupportedInterfaceOrientations_iPhone = "UIInterfaceOrientationPortrait UIInterfaceOrientationLandscapeLeft UIInterfaceOrientationLandscapeRight";
				LD_RUNPATH_SEARCH_PATHS = (
					"$(inherited)",
					"@executable_path/Frameworks",
				);
				MARKETING_VERSION = 1.0;
				PRODUCT_BUNDLE_IDENTIFIER = com.liuwanzhu.LolitaArchive;
				PRODUCT_NAME = "$(TARGET_NAME)";
				SWIFT_EMIT_LOC_STRINGS = YES;
				SWIFT_VERSION = 5.0;
				TARGETED_DEVICE_FAMILY = "1,2";
			};
			name = Debug;
		};
		BFE030B72D48AABD00859A0E /* Release */ = {
			isa = XCBuildConfiguration;
			baseConfigurationReference = CB872D18D5D924196F499F53 /* Pods-LolitaArchive.release.xcconfig */;
			buildSettings = {
				ASSETCATALOG_COMPILER_APPICON_NAME = AppIcon;
				ASSETCATALOG_COMPILER_GLOBAL_ACCENT_COLOR_NAME = AccentColor;
				CODE_SIGN_STYLE = Automatic;
				CURRENT_PROJECT_VERSION = 1;
				DEVELOPMENT_ASSET_PATHS = "\"LolitaArchive/Preview Content\"";
				ENABLE_PREVIEWS = YES;
				ENABLE_USER_SCRIPT_SANDBOXING = NO;
				GENERATE_INFOPLIST_FILE = YES;
				INFOPLIST_FILE = LolitaArchive/Info.plist;
				INFOPLIST_KEY_LSApplicationCategoryType = "public.app-category.utilities";
				INFOPLIST_KEY_NSCameraUsageDescription = "";
				INFOPLIST_KEY_NSPhotoLibraryUsageDescription = "$(PRODUCT_NAME) attempts to access your photo library";
				INFOPLIST_KEY_UIApplicationSceneManifest_Generation = YES;
				INFOPLIST_KEY_UIApplicationSupportsIndirectInputEvents = YES;
				INFOPLIST_KEY_UILaunchScreen_Generation = YES;
				INFOPLIST_KEY_UISupportedInterfaceOrientations_iPad = "UIInterfaceOrientationPortrait UIInterfaceOrientationPortraitUpsideDown UIInterfaceOrientationLandscapeLeft UIInterfaceOrientationLandscapeRight";
				INFOPLIST_KEY_UISupportedInterfaceOrientations_iPhone = "UIInterfaceOrientationPortrait UIInterfaceOrientationLandscapeLeft UIInterfaceOrientationLandscapeRight";
				LD_RUNPATH_SEARCH_PATHS = (
					"$(inherited)",
					"@executable_path/Frameworks",
				);
				MARKETING_VERSION = 1.0;
				PRODUCT_BUNDLE_IDENTIFIER = com.liuwanzhu.LolitaArchive;
				PRODUCT_NAME = "$(TARGET_NAME)";
				SWIFT_EMIT_LOC_STRINGS = YES;
				SWIFT_VERSION = 5.0;
				TARGETED_DEVICE_FAMILY = "1,2";
			};
			name = Release;
		};
		BFE030B92D48AABD00859A0E /* Debug */ = {
			isa = XCBuildConfiguration;
			buildSettings = {
				BUNDLE_LOADER = "$(TEST_HOST)";
				CODE_SIGN_STYLE = Automatic;
				CURRENT_PROJECT_VERSION = 1;
				GENERATE_INFOPLIST_FILE = YES;
				IPHONEOS_DEPLOYMENT_TARGET = 18.2;
				MARKETING_VERSION = 1.0;
				PRODUCT_BUNDLE_IDENTIFIER = com.liuwanzhu.LolitaArchiveTests;
				PRODUCT_NAME = "$(TARGET_NAME)";
				SWIFT_EMIT_LOC_STRINGS = NO;
				SWIFT_VERSION = 5.0;
				TARGETED_DEVICE_FAMILY = "1,2";
				TEST_HOST = "$(BUILT_PRODUCTS_DIR)/LolitaArchive.app/$(BUNDLE_EXECUTABLE_FOLDER_PATH)/LolitaArchive";
			};
			name = Debug;
		};
		BFE030BA2D48AABD00859A0E /* Release */ = {
			isa = XCBuildConfiguration;
			buildSettings = {
				BUNDLE_LOADER = "$(TEST_HOST)";
				CODE_SIGN_STYLE = Automatic;
				CURRENT_PROJECT_VERSION = 1;
				GENERATE_INFOPLIST_FILE = YES;
				IPHONEOS_DEPLOYMENT_TARGET = 18.2;
				MARKETING_VERSION = 1.0;
				PRODUCT_BUNDLE_IDENTIFIER = com.liuwanzhu.LolitaArchiveTests;
				PRODUCT_NAME = "$(TARGET_NAME)";
				SWIFT_EMIT_LOC_STRINGS = NO;
				SWIFT_VERSION = 5.0;
				TARGETED_DEVICE_FAMILY = "1,2";
				TEST_HOST = "$(BUILT_PRODUCTS_DIR)/LolitaArchive.app/$(BUNDLE_EXECUTABLE_FOLDER_PATH)/LolitaArchive";
			};
			name = Release;
		};
		BFE030BC2D48AABD00859A0E /* Debug */ = {
			isa = XCBuildConfiguration;
			buildSettings = {
				CODE_SIGN_STYLE = Automatic;
				CURRENT_PROJECT_VERSION = 1;
				GENERATE_INFOPLIST_FILE = YES;
				MARKETING_VERSION = 1.0;
				PRODUCT_BUNDLE_IDENTIFIER = com.liuwanzhu.LolitaArchiveUITests;
				PRODUCT_NAME = "$(TARGET_NAME)";
				SWIFT_EMIT_LOC_STRINGS = NO;
				SWIFT_VERSION = 5.0;
				TARGETED_DEVICE_FAMILY = "1,2";
				TEST_TARGET_NAME = LolitaArchive;
			};
			name = Debug;
		};
		BFE030BD2D48AABD00859A0E /* Release */ = {
			isa = XCBuildConfiguration;
			buildSettings = {
				CODE_SIGN_STYLE = Automatic;
				CURRENT_PROJECT_VERSION = 1;
				GENERATE_INFOPLIST_FILE = YES;
				MARKETING_VERSION = 1.0;
				PRODUCT_BUNDLE_IDENTIFIER = com.liuwanzhu.LolitaArchiveUITests;
				PRODUCT_NAME = "$(TARGET_NAME)";
				SWIFT_EMIT_LOC_STRINGS = NO;
				SWIFT_VERSION = 5.0;
				TARGETED_DEVICE_FAMILY = "1,2";
				TEST_TARGET_NAME = LolitaArchive;
			};
			name = Release;
		};
/* End XCBuildConfiguration section */

/* Begin XCConfigurationList section */
		BFE0308C2D48AABC00859A0E /* Build configuration list for PBXProject "LolitaArchive" */ = {
			isa = XCConfigurationList;
			buildConfigurations = (
				BFE030B32D48AABD00859A0E /* Debug */,
				BFE030B42D48AABD00859A0E /* Release */,
			);
			defaultConfigurationIsVisible = 0;
			defaultConfigurationName = Release;
		};
		BFE030B52D48AABD00859A0E /* Build configuration list for PBXNativeTarget "LolitaArchive" */ = {
			isa = XCConfigurationList;
			buildConfigurations = (
				BFE030B62D48AABD00859A0E /* Debug */,
				BFE030B72D48AABD00859A0E /* Release */,
			);
			defaultConfigurationIsVisible = 0;
			defaultConfigurationName = Release;
		};
		BFE030B82D48AABD00859A0E /* Build configuration list for PBXNativeTarget "LolitaArchiveTests" */ = {
			isa = XCConfigurationList;
			buildConfigurations = (
				BFE030B92D48AABD00859A0E /* Debug */,
				BFE030BA2D48AABD00859A0E /* Release */,
			);
			defaultConfigurationIsVisible = 0;
			defaultConfigurationName = Release;
		};
		BFE030BB2D48AABD00859A0E /* Build configuration list for PBXNativeTarget "LolitaArchiveUITests" */ = {
			isa = XCConfigurationList;
			buildConfigurations = (
				BFE030BC2D48AABD00859A0E /* Debug */,
				BFE030BD2D48AABD00859A0E /* Release */,
			);
			defaultConfigurationIsVisible = 0;
			defaultConfigurationName = Release;
		};
/* End XCConfigurationList section */
	};
	rootObject = BFE030892D48AABC00859A0E /* Project object */;
}
